github.com/CatalunyaEstat/catalunyaestat-theme v0.0.0-20220906161502-07117f54932f h1:yWtoIVqb1oWn5vIQFPygScLHNUN3eVAiOBxXtxL+4qw=
github.com/CatalunyaEstat/catalunyaestat-theme v0.0.0-20220906161502-07117f54932f/go.mod h1:M+Tl2ttDpbLQtGcn4oQOdSSrblrAvqe+x4m8TfXn6ic=
github.com/CatalunyaEstat/catalunyaestat-theme v0.0.0-20220917110220-b89fb9d33730 h1:JhtPS/VcycSr13YhlRpqaTNtTdIUvJZ7syAU2/cJvF8=
github.com/CatalunyaEstat/catalunyaestat-theme v0.0.0-20220917110220-b89fb9d33730/go.mod h1:M+Tl2ttDpbLQtGcn4oQOdSSrblrAvqe+x4m8TfXn6ic=
